# This file was autogenerated by Stack.
# You should not edit this file by hand.
# For more information, please see the documentation at:
#   https://docs.haskellstack.org/en/stable/lock_files

packages:
- completed:
    commit: 37cbd924cb71eba591a2e2b6b131767f632d22c9
    git: https://github.com/haskell/mtl
    name: mtl
    pantry-tree:
      sha256: 7bf71ccd1c70004019046145c76f81409a6c9e45155df2a4db4c6e348e91e343
      size: 2088
    version: 2.3.1
  original:
    commit: 37cbd924cb71eba591a2e2b6b131767f632d22c9
    git: https://github.com/haskell/mtl
- completed:
    hackage: exceptions-0.10.5@sha256:b2c634a95ba2a68e0df3ae67d006f0dabb02edbe4dc77b321133551e308ca047,2832
    pantry-tree:
      sha256: 55b1a4123104e57b5e72b1c5354408807beded8a52ff1900521fed7007812715
      size: 738
  original:
    hackage: exceptions-0.10.5@sha256:b2c634a95ba2a68e0df3ae67d006f0dabb02edbe4dc77b321133551e308ca047,2832
- completed:
    commit: ae8d7178820bc312777e3ea5c5ec129c6a5e2914
    git: https://github.com/Tarmean/Peggy
    name: peggy
    pantry-tree:
      sha256: f334c91e88ce3829504fffddb20d70c75feef01125294fc8b48b1058745bc8f6
      size: 1939
    version: 0.3.3
  original:
    commit: ae8d7178820bc312777e3ea5c5ec129c6a5e2914
    git: https://github.com/Tarmean/Peggy
- completed:
    hackage: happy-1.21.0@sha256:1dc09b68d46fed691d9969f8f7bd8d83cf3252491709d6fb070e7cfec9a5cabe,6326
    pantry-tree:
      sha256: 3a84541bd92963b14e34d8364112bed677145d6a17d1d0055cbffe5a6541cc00
      size: 8312
  original:
    hackage: happy-1.21.0
- completed:
    commit: e5d9b9c6e3340477ae2a8eaec4268377bf9e2543
    git: https://github.com/Tarmean/monus-weighted-search
    name: monus-weighted-search
    pantry-tree:
      sha256: d880a1afb49f8357b3829db72ed9ea96e1ab2c41cf22f62bdf0c4852861b0349
      size: 2171
    version: 0.2.0.0
  original:
    commit: e5d9b9c6e3340477ae2a8eaec4268377bf9e2543
    git: https://github.com/Tarmean/monus-weighted-search
- completed:
    commit: 2ac0f884cf6fdc44943205340bb1b1ae9787893d
    git: https://github.com/Tarmean/level-monad
    name: level-monad
    pantry-tree:
      sha256: 5c22fee0ae6c2f1051c91c3a6236c84ff35b87460f01ecb68d08808aeca64107
      size: 312
    version: 0.4.1
  original:
    commit: 2ac0f884cf6fdc44943205340bb1b1ae9787893d
    git: https://github.com/Tarmean/level-monad
snapshots:
- completed:
    sha256: 5201b267da5c16bde723e0401eed332c96035edd55250a947089a7d9417b7ecc
    size: 646690
    url: https://raw.githubusercontent.com/commercialhaskell/stackage-snapshots/master/nightly/2022/11/3.yaml
  original:
    url: https://raw.githubusercontent.com/commercialhaskell/stackage-snapshots/master/nightly/2022/11/3.yaml
